{"version":4,"terraform_version":"1.9.1","serial":13,"lineage":"85da09f0-e3fb-b8cf-64e1-8dc0be2c6cff","outputs":{"alb_dns_name":{"value":"reactsecops-alb-694619921.us-east-1.elb.amazonaws.com","type":"string"},"db_cluster_endpoint":{"value":"reactsecops-aurora-pg-cluster.cluster-cifmshinfmia.us-east-1.rds.amazonaws.com","type":"string"},"db_credentials_secret_arn":{"value":"arn:aws:secretsmanager:us-east-1:596390726685:secret:reactsecops-db-creds-5yclOO","type":"string"},"ecr_repo_name":{"value":"reactsecops-backend-api","type":"string"},"ecs_cluster_name":{"value":"reactsecops-cluster","type":"string"},"ecs_service_name":{"value":"reactsecops-backend-api-service","type":"string"},"frontend_s3_bucket_name":{"value":"reactsecops-frontend-hosting-596390726685","type":"string"},"private_subnet_ids":{"value":["subnet-0345739cd68b3d366","subnet-00348c32e3ce3ff91"],"type":["tuple",["string","string"]]},"public_subnet_ids":{"value":["subnet-0ee9c4f81638bbdea","subnet-0e887bfc91acff5d6"],"type":["tuple",["string","string"]]},"s3_policy_for_cloudfront_reference":{"value":"{\n  \"Version\": \"2012-10-17\",\n  \"Statement\": [\n    {\n      \"Effect\": \"Allow\",\n      \"Action\": \"s3:GetObject\",\n      \"Resource\": \"arn:aws:s3:::reactsecops-frontend-hosting-596390726685/*\",\n      \"Principal\": {\n        \"AWS\": \"REPLACE_WITH_OAI_CANONICAL_USER_ID\"\n      }\n    }\n  ]\n}","type":"string"},"vpc_id":{"value":"vpc-06e8ee9b6439933a7","type":"string"}},"resources":[{"mode":"data","type":"aws_availability_zones","name":"available","provider":"provider[\"registry.opentofu.org/hashicorp/aws\"]","instances":[{"schema_version":0,"attributes":{"all_availability_zones":null,"exclude_names":null,"exclude_zone_ids":null,"filter":null,"group_names":["us-east-1-zg-1"],"id":"us-east-1","names":["us-east-1a","us-east-1b","us-east-1c","us-east-1d","us-east-1e","us-east-1f"],"region":"us-east-1","state":"available","timeouts":null,"zone_ids":["use1-az6","use1-az1","use1-az2","use1-az4","use1-az3","use1-az5"]},"sensitive_attributes":[]}]},{"mode":"data","type":"aws_caller_identity","name":"current","provider":"provider[\"registry.opentofu.org/hashicorp/aws\"]","instances":[{"schema_version":0,"attributes":{"account_id":"596390726685","arn":"arn:aws:sts::596390726685:assumed-role/voclabs/user3027174=r0984339@student.thomasmore.be","id":"596390726685","user_id":"AROAYVW5IJQOSNIW4YV7G:user3027174=r0984339@student.thomasmore.be"},"sensitive_attributes":[]}]},{"mode":"data","type":"aws_iam_policy_document","name":"s3_policy_reference","provider":"provider[\"registry.opentofu.org/hashicorp/aws\"]","instances":[{"schema_version":0,"attributes":{"id":"1880776597","json":"{\n  \"Version\": \"2012-10-17\",\n  \"Statement\": [\n    {\n      \"Effect\": \"Allow\",\n      \"Action\": \"s3:GetObject\",\n      \"Resource\": \"arn:aws:s3:::reactsecops-frontend-hosting-596390726685/*\",\n      \"Principal\": {\n        \"AWS\": \"REPLACE_WITH_OAI_CANONICAL_USER_ID\"\n      }\n    }\n  ]\n}","minified_json":"{\"Version\":\"2012-10-17\",\"Statement\":[{\"Effect\":\"Allow\",\"Action\":\"s3:GetObject\",\"Resource\":\"arn:aws:s3:::reactsecops-frontend-hosting-596390726685/*\",\"Principal\":{\"AWS\":\"REPLACE_WITH_OAI_CANONICAL_USER_ID\"}}]}","override_json":null,"override_policy_documents":null,"policy_id":null,"source_json":null,"source_policy_documents":null,"statement":[{"actions":["s3:GetObject"],"condition":[],"effect":"Allow","not_actions":[],"not_principals":[],"not_resources":[],"principals":[{"identifiers":["REPLACE_WITH_OAI_CANONICAL_USER_ID"],"type":"AWS"}],"resources":["arn:aws:s3:::reactsecops-frontend-hosting-596390726685/*"],"sid":""}],"version":"2012-10-17"},"sensitive_attributes":[]}]},{"mode":"managed","type":"aws_cloudwatch_log_group","name":"ecs_api","provider":"provider[\"registry.opentofu.org/hashicorp/aws\"]","instances":[{"schema_version":0,"attributes":{"arn":"arn:aws:logs:us-east-1:596390726685:log-group:/ecs/reactsecops-backend-api","id":"/ecs/reactsecops-backend-api","kms_key_id":"","log_group_class":"STANDARD","name":"/ecs/reactsecops-backend-api","name_prefix":"","region":"us-east-1","retention_in_days":7,"skip_destroy":false,"tags":{},"tags_all":{}},"sensitive_attributes":[],"private":"bnVsbA=="}]},{"mode":"managed","type":"aws_db_subnet_group","name":"aurora","provider":"provider[\"registry.opentofu.org/hashicorp/aws\"]","instances":[{"schema_version":0,"attributes":{"arn":"arn:aws:rds:us-east-1:596390726685:subgrp:reactsecops-aurora-sng","description":"Managed by Terraform","id":"reactsecops-aurora-sng","name":"reactsecops-aurora-sng","name_prefix":"","region":"us-east-1","subnet_ids":["subnet-00348c32e3ce3ff91","subnet-0345739cd68b3d366"],"supported_network_types":["IPV4"],"tags":{"Name":"reactsecops-aurora-sng"},"tags_all":{"Name":"reactsecops-aurora-sng"},"vpc_id":"vpc-06e8ee9b6439933a7"},"sensitive_attributes":[],"private":"bnVsbA==","dependencies":["aws_subnet.private","aws_vpc.main","data.aws_availability_zones.available"]}]},{"mode":"managed","type":"aws_ecr_repository","name":"backend_api","provider":"provider[\"registry.opentofu.org/hashicorp/aws\"]","instances":[{"schema_version":0,"attributes":{"arn":"arn:aws:ecr:us-east-1:596390726685:repository/reactsecops-backend-api","encryption_configuration":[{"encryption_type":"AES256","kms_key":""}],"force_delete":null,"id":"reactsecops-backend-api","image_scanning_configuration":[{"scan_on_push":true}],"image_tag_mutability":"MUTABLE","name":"reactsecops-backend-api","region":"us-east-1","registry_id":"596390726685","repository_url":"596390726685.dkr.ecr.us-east-1.amazonaws.com/reactsecops-backend-api","tags":{"Name":"reactsecops-backend-api-repo"},"tags_all":{"Name":"reactsecops-backend-api-repo"},"timeouts":null},"sensitive_attributes":[],"private":"eyJlMmJmYjczMC1lY2FhLTExZTYtOGY4OC0zNDM2M2JjN2M0YzAiOnsiZGVsZXRlIjoxMjAwMDAwMDAwMDAwfX0="}]},{"mode":"managed","type":"aws_ecs_cluster","name":"main","provider":"provider[\"registry.opentofu.org/hashicorp/aws\"]","instances":[{"schema_version":0,"attributes":{"arn":"arn:aws:ecs:us-east-1:596390726685:cluster/reactsecops-cluster","configuration":[],"id":"arn:aws:ecs:us-east-1:596390726685:cluster/reactsecops-cluster","name":"reactsecops-cluster","region":"us-east-1","service_connect_defaults":[],"setting":[{"name":"containerInsights","value":"disabled"}],"tags":{"Name":"reactsecops-cluster"},"tags_all":{"Name":"reactsecops-cluster"}},"sensitive_attributes":[],"private":"bnVsbA=="}]},{"mode":"managed","type":"aws_ecs_service","name":"backend_api","provider":"provider[\"registry.opentofu.org/hashicorp/aws\"]","instances":[{"schema_version":1,"attributes":{"alarms":[],"arn":"arn:aws:ecs:us-east-1:596390726685:service/reactsecops-cluster/reactsecops-backend-api-service","availability_zone_rebalancing":"DISABLED","capacity_provider_strategy":[],"cluster":"arn:aws:ecs:us-east-1:596390726685:cluster/reactsecops-cluster","deployment_circuit_breaker":[{"enable":false,"rollback":false}],"deployment_controller":[{"type":"ECS"}],"deployment_maximum_percent":200,"deployment_minimum_healthy_percent":100,"desired_count":1,"enable_ecs_managed_tags":false,"enable_execute_command":false,"force_delete":null,"force_new_deployment":null,"health_check_grace_period_seconds":0,"iam_role":"/aws-service-role/ecs.amazonaws.com/AWSServiceRoleForECS","id":"arn:aws:ecs:us-east-1:596390726685:service/reactsecops-cluster/reactsecops-backend-api-service","launch_type":"FARGATE","load_balancer":[{"container_name":"reactsecops-backend-container","container_port":8080,"elb_name":"","target_group_arn":"arn:aws:elasticloadbalancing:us-east-1:596390726685:targetgroup/reactsecops-ecs-api-tg/d392966c89e5cf23"}],"name":"reactsecops-backend-api-service","network_configuration":[{"assign_public_ip":false,"security_groups":["sg-0de70bc2fc7476ca9"],"subnets":["subnet-00348c32e3ce3ff91","subnet-0345739cd68b3d366"]}],"ordered_placement_strategy":[],"placement_constraints":[],"platform_version":"LATEST","propagate_tags":"NONE","region":"us-east-1","scheduling_strategy":"REPLICA","service_connect_configuration":[],"service_registries":[],"tags":{},"tags_all":{},"task_definition":"arn:aws:ecs:us-east-1:596390726685:task-definition/reactsecops-backend-api-task:1","timeouts":null,"triggers":{},"volume_configuration":[],"vpc_lattice_configurations":[],"wait_for_steady_state":false},"sensitive_attributes":[],"private":"eyJlMmJmYjczMC1lY2FhLTExZTYtOGY4OC0zNDM2M2JjN2M0YzAiOnsiY3JlYXRlIjoxMjAwMDAwMDAwMDAwLCJkZWxldGUiOjEyMDAwMDAwMDAwMDAsInVwZGF0ZSI6MTIwMDAwMDAwMDAwMH0sInNjaGVtYV92ZXJzaW9uIjoiMSJ9","dependencies":["aws_cloudwatch_log_group.ecs_api","aws_db_subnet_group.aurora","aws_ecr_repository.backend_api","aws_ecs_cluster.main","aws_ecs_task_definition.backend_api","aws_lb.main","aws_lb_listener.http","aws_lb_target_group.ecs_api","aws_rds_cluster.aurora_pg","aws_secretsmanager_secret.db_credentials","aws_secretsmanager_secret_version.db_credentials_version","aws_security_group.alb","aws_security_group.database","aws_security_group.ecs_api","aws_subnet.private","aws_subnet.public","aws_vpc.main","data.aws_availability_zones.available","random_password.master_password"]}]},{"mode":"managed","type":"aws_ecs_task_definition","name":"backend_api","provider":"provider[\"registry.opentofu.org/hashicorp/aws\"]","instances":[{"schema_version":1,"attributes":{"arn":"arn:aws:ecs:us-east-1:596390726685:task-definition/reactsecops-backend-api-task:1","arn_without_revision":"arn:aws:ecs:us-east-1:596390726685:task-definition/reactsecops-backend-api-task","container_definitions":"[{\"environment\":[{\"name\":\"DB_HOST\",\"value\":\"reactsecops-aurora-pg-cluster.cluster-cifmshinfmia.us-east-1.rds.amazonaws.com\"},{\"name\":\"DB_NAME\",\"value\":\"reactsecopsdb\"},{\"name\":\"DB_PORT\",\"value\":\"5432\"}],\"essential\":true,\"image\":\"596390726685.dkr.ecr.us-east-1.amazonaws.com/reactsecops-backend-api:latest\",\"logConfiguration\":{\"logDriver\":\"awslogs\",\"options\":{\"awslogs-group\":\"/ecs/reactsecops-backend-api\",\"awslogs-region\":\"us-east-1\",\"awslogs-stream-prefix\":\"ecs\"}},\"mountPoints\":[],\"name\":\"reactsecops-backend-container\",\"portMappings\":[{\"containerPort\":8080,\"hostPort\":8080,\"protocol\":\"tcp\"}],\"secrets\":[{\"name\":\"DB_PASSWORD\",\"valueFrom\":\"arn:aws:secretsmanager:us-east-1:596390726685:secret:reactsecops-db-creds-5yclOO:password::\"},{\"name\":\"DB_USER\",\"valueFrom\":\"arn:aws:secretsmanager:us-east-1:596390726685:secret:reactsecops-db-creds-5yclOO:username::\"}],\"systemControls\":[],\"volumesFrom\":[]}]","cpu":"256","enable_fault_injection":false,"ephemeral_storage":[],"execution_role_arn":"arn:aws:iam::596390726685:role/LabRole","family":"reactsecops-backend-api-task","id":"reactsecops-backend-api-task","ipc_mode":"","memory":"512","network_mode":"awsvpc","pid_mode":"","placement_constraints":[],"proxy_configuration":[],"region":"us-east-1","requires_compatibilities":["FARGATE"],"revision":1,"runtime_platform":[],"skip_destroy":false,"tags":{},"tags_all":{},"task_role_arn":"arn:aws:iam::596390726685:role/LabRole","track_latest":false,"volume":[]},"sensitive_attributes":[],"private":"eyJzY2hlbWFfdmVyc2lvbiI6IjEifQ==","dependencies":["aws_cloudwatch_log_group.ecs_api","aws_db_subnet_group.aurora","aws_ecr_repository.backend_api","aws_rds_cluster.aurora_pg","aws_secretsmanager_secret.db_credentials","aws_secretsmanager_secret_version.db_credentials_version","aws_security_group.alb","aws_security_group.database","aws_security_group.ecs_api","aws_subnet.private","aws_vpc.main","data.aws_availability_zones.available","random_password.master_password"]}]},{"mode":"managed","type":"aws_eip","name":"nat","provider":"provider[\"registry.opentofu.org/hashicorp/aws\"]","instances":[{"schema_version":0,"attributes":{"address":null,"allocation_id":"eipalloc-0f2ee2f56212123ef","arn":"arn:aws:ec2:us-east-1:596390726685:elastic-ip/eipalloc-0f2ee2f56212123ef","associate_with_private_ip":null,"association_id":"eipassoc-0b27635915e930515","carrier_ip":"","customer_owned_ip":"","customer_owned_ipv4_pool":"","domain":"vpc","id":"eipalloc-0f2ee2f56212123ef","instance":"","ipam_pool_id":null,"network_border_group":"us-east-1","network_interface":"eni-04ac8d9b2b6442afb","private_dns":"ip-10-0-1-122.ec2.internal","private_ip":"10.0.1.122","ptr_record":"","public_dns":"ec2-34-225-178-138.compute-1.amazonaws.com","public_ip":"34.225.178.138","public_ipv4_pool":"amazon","region":"us-east-1","tags":{"Name":"reactsecops-nat-eip"},"tags_all":{"Name":"reactsecops-nat-eip"},"timeouts":null},"sensitive_attributes":[],"private":"eyJlMmJmYjczMC1lY2FhLTExZTYtOGY4OC0zNDM2M2JjN2M0YzAiOnsiZGVsZXRlIjoxODAwMDAwMDAwMDAsInJlYWQiOjkwMDAwMDAwMDAwMCwidXBkYXRlIjozMDAwMDAwMDAwMDB9fQ=="}]},{"mode":"managed","type":"aws_internet_gateway","name":"igw","provider":"provider[\"registry.opentofu.org/hashicorp/aws\"]","instances":[{"schema_version":0,"attributes":{"arn":"arn:aws:ec2:us-east-1:596390726685:internet-gateway/igw-0e334f4e876ef5448","id":"igw-0e334f4e876ef5448","owner_id":"596390726685","region":"us-east-1","tags":{"Name":"reactsecops-igw"},"tags_all":{"Name":"reactsecops-igw"},"timeouts":null,"vpc_id":"vpc-06e8ee9b6439933a7"},"sensitive_attributes":[],"private":"eyJlMmJmYjczMC1lY2FhLTExZTYtOGY4OC0zNDM2M2JjN2M0YzAiOnsiY3JlYXRlIjoxMjAwMDAwMDAwMDAwLCJkZWxldGUiOjEyMDAwMDAwMDAwMDAsInVwZGF0ZSI6MTIwMDAwMDAwMDAwMH19","dependencies":["aws_vpc.main"]}]},{"mode":"managed","type":"aws_lb","name":"main","provider":"provider[\"registry.opentofu.org/hashicorp/aws\"]","instances":[{"schema_version":0,"attributes":{"access_logs":[{"bucket":"","enabled":false,"prefix":""}],"arn":"arn:aws:elasticloadbalancing:us-east-1:596390726685:loadbalancer/app/reactsecops-alb/71838eeb14db7bce","arn_suffix":"app/reactsecops-alb/71838eeb14db7bce","client_keep_alive":3600,"connection_logs":[{"bucket":"","enabled":false,"prefix":""}],"customer_owned_ipv4_pool":"","desync_mitigation_mode":"defensive","dns_name":"reactsecops-alb-694619921.us-east-1.elb.amazonaws.com","dns_record_client_routing_policy":null,"drop_invalid_header_fields":false,"enable_cross_zone_load_balancing":true,"enable_deletion_protection":false,"enable_http2":true,"enable_tls_version_and_cipher_suite_headers":false,"enable_waf_fail_open":false,"enable_xff_client_port":false,"enable_zonal_shift":false,"enforce_security_group_inbound_rules_on_private_link_traffic":"","id":"arn:aws:elasticloadbalancing:us-east-1:596390726685:loadbalancer/app/reactsecops-alb/71838eeb14db7bce","idle_timeout":60,"internal":false,"ip_address_type":"ipv4","ipam_pools":[],"load_balancer_type":"application","minimum_load_balancer_capacity":[],"name":"reactsecops-alb","name_prefix":"","preserve_host_header":false,"region":"us-east-1","security_groups":["sg-0768204630dd37f77"],"subnet_mapping":[{"allocation_id":"","ipv6_address":"","outpost_id":"","private_ipv4_address":"","subnet_id":"subnet-0e887bfc91acff5d6"},{"allocation_id":"","ipv6_address":"","outpost_id":"","private_ipv4_address":"","subnet_id":"subnet-0ee9c4f81638bbdea"}],"subnets":["subnet-0e887bfc91acff5d6","subnet-0ee9c4f81638bbdea"],"tags":{"Name":"reactsecops-alb"},"tags_all":{"Name":"reactsecops-alb"},"timeouts":null,"vpc_id":"vpc-06e8ee9b6439933a7","xff_header_processing_mode":"append","zone_id":"Z35SXDOTRQ7X7K"},"sensitive_attributes":[],"private":"eyJlMmJmYjczMC1lY2FhLTExZTYtOGY4OC0zNDM2M2JjN2M0YzAiOnsiY3JlYXRlIjo2MDAwMDAwMDAwMDAsImRlbGV0ZSI6NjAwMDAwMDAwMDAwLCJ1cGRhdGUiOjYwMDAwMDAwMDAwMH19","dependencies":["aws_security_group.alb","aws_subnet.public","aws_vpc.main","data.aws_availability_zones.available"]}]},{"mode":"managed","type":"aws_lb_listener","name":"http","provider":"provider[\"registry.opentofu.org/hashicorp/aws\"]","instances":[{"schema_version":0,"attributes":{"alpn_policy":null,"arn":"arn:aws:elasticloadbalancing:us-east-1:596390726685:listener/app/reactsecops-alb/71838eeb14db7bce/10280cbec03ebfd6","certificate_arn":null,"default_action":[{"authenticate_cognito":[],"authenticate_oidc":[],"fixed_response":[],"forward":[],"order":1,"redirect":[],"target_group_arn":"arn:aws:elasticloadbalancing:us-east-1:596390726685:targetgroup/reactsecops-ecs-api-tg/d392966c89e5cf23","type":"forward"}],"id":"arn:aws:elasticloadbalancing:us-east-1:596390726685:listener/app/reactsecops-alb/71838eeb14db7bce/10280cbec03ebfd6","load_balancer_arn":"arn:aws:elasticloadbalancing:us-east-1:596390726685:loadbalancer/app/reactsecops-alb/71838eeb14db7bce","mutual_authentication":[],"port":80,"protocol":"HTTP","region":"us-east-1","routing_http_request_x_amzn_mtls_clientcert_header_name":null,"routing_http_request_x_amzn_mtls_clientcert_issuer_header_name":null,"routing_http_request_x_amzn_mtls_clientcert_leaf_header_name":null,"routing_http_request_x_amzn_mtls_clientcert_serial_number_header_name":null,"routing_http_request_x_amzn_mtls_clientcert_subject_header_name":null,"routing_http_request_x_amzn_mtls_clientcert_validity_header_name":null,"routing_http_request_x_amzn_tls_cipher_suite_header_name":null,"routing_http_request_x_amzn_tls_version_header_name":null,"routing_http_response_access_control_allow_credentials_header_value":"","routing_http_response_access_control_allow_headers_header_value":"","routing_http_response_access_control_allow_methods_header_value":"","routing_http_response_access_control_allow_origin_header_value":"","routing_http_response_access_control_expose_headers_header_value":"","routing_http_response_access_control_max_age_header_value":"","routing_http_response_content_security_policy_header_value":"","routing_http_response_server_enabled":true,"routing_http_response_strict_transport_security_header_value":"","routing_http_response_x_content_type_options_header_value":"","routing_http_response_x_frame_options_header_value":"","ssl_policy":"","tags":{},"tags_all":{},"tcp_idle_timeout_seconds":null,"timeouts":null},"sensitive_attributes":[],"private":"eyJlMmJmYjczMC1lY2FhLTExZTYtOGY4OC0zNDM2M2JjN2M0YzAiOnsiY3JlYXRlIjozMDAwMDAwMDAwMDAsInVwZGF0ZSI6MzAwMDAwMDAwMDAwfX0=","dependencies":["aws_lb.main","aws_lb_target_group.ecs_api","aws_security_group.alb","aws_subnet.public","aws_vpc.main","data.aws_availability_zones.available"]}]},{"mode":"managed","type":"aws_lb_target_group","name":"ecs_api","provider":"provider[\"registry.opentofu.org/hashicorp/aws\"]","instances":[{"schema_version":0,"attributes":{"arn":"arn:aws:elasticloadbalancing:us-east-1:596390726685:targetgroup/reactsecops-ecs-api-tg/d392966c89e5cf23","arn_suffix":"targetgroup/reactsecops-ecs-api-tg/d392966c89e5cf23","connection_termination":null,"deregistration_delay":"300","health_check":[{"enabled":true,"healthy_threshold":2,"interval":30,"matcher":"200","path":"/api/health","port":"traffic-port","protocol":"HTTP","timeout":5,"unhealthy_threshold":2}],"id":"arn:aws:elasticloadbalancing:us-east-1:596390726685:targetgroup/reactsecops-ecs-api-tg/d392966c89e5cf23","ip_address_type":"ipv4","lambda_multi_value_headers_enabled":false,"load_balancer_arns":["arn:aws:elasticloadbalancing:us-east-1:596390726685:loadbalancer/app/reactsecops-alb/71838eeb14db7bce"],"load_balancing_algorithm_type":"round_robin","load_balancing_anomaly_mitigation":"off","load_balancing_cross_zone_enabled":"use_load_balancer_configuration","name":"reactsecops-ecs-api-tg","name_prefix":"","port":8080,"preserve_client_ip":null,"protocol":"HTTP","protocol_version":"HTTP1","proxy_protocol_v2":false,"region":"us-east-1","slow_start":0,"stickiness":[{"cookie_duration":86400,"cookie_name":"","enabled":false,"type":"lb_cookie"}],"tags":{},"tags_all":{},"target_failover":[{"on_deregistration":null,"on_unhealthy":null}],"target_group_health":[{"dns_failover":[{"minimum_healthy_targets_count":"1","minimum_healthy_targets_percentage":"off"}],"unhealthy_state_routing":[{"minimum_healthy_targets_count":1,"minimum_healthy_targets_percentage":"off"}]}],"target_health_state":[{"enable_unhealthy_connection_termination":null,"unhealthy_draining_interval":null}],"target_type":"ip","vpc_id":"vpc-06e8ee9b6439933a7"},"sensitive_attributes":[],"private":"bnVsbA==","dependencies":["aws_vpc.main"]}]},{"mode":"managed","type":"aws_nat_gateway","name":"nat","provider":"provider[\"registry.opentofu.org/hashicorp/aws\"]","instances":[{"schema_version":0,"attributes":{"allocation_id":"eipalloc-0f2ee2f56212123ef","association_id":"eipassoc-0b27635915e930515","connectivity_type":"public","id":"nat-07600124536e8c44f","network_interface_id":"eni-04ac8d9b2b6442afb","private_ip":"10.0.1.122","public_ip":"34.225.178.138","region":"us-east-1","secondary_allocation_ids":[],"secondary_private_ip_address_count":0,"secondary_private_ip_addresses":[],"subnet_id":"subnet-0ee9c4f81638bbdea","tags":{"Name":"reactsecops-nat-gw"},"tags_all":{"Name":"reactsecops-nat-gw"},"timeouts":null},"sensitive_attributes":[],"private":"eyJlMmJmYjczMC1lY2FhLTExZTYtOGY4OC0zNDM2M2JjN2M0YzAiOnsiY3JlYXRlIjo2MDAwMDAwMDAwMDAsImRlbGV0ZSI6MTgwMDAwMDAwMDAwMCwidXBkYXRlIjo2MDAwMDAwMDAwMDB9fQ==","dependencies":["aws_eip.nat","aws_internet_gateway.igw","aws_subnet.public","aws_vpc.main","data.aws_availability_zones.available"]}]},{"mode":"managed","type":"aws_rds_cluster","name":"aurora_pg","provider":"provider[\"registry.opentofu.org/hashicorp/aws\"]","instances":[{"schema_version":1,"attributes":{"allocated_storage":1,"allow_major_version_upgrade":null,"apply_immediately":null,"arn":"arn:aws:rds:us-east-1:596390726685:cluster:reactsecops-aurora-pg-cluster","availability_zones":["us-east-1a","us-east-1b","us-east-1c"],"backtrack_window":0,"backup_retention_period":1,"ca_certificate_identifier":null,"ca_certificate_valid_till":null,"cluster_identifier":"reactsecops-aurora-pg-cluster","cluster_identifier_prefix":"","cluster_members":["reactsecops-aurora-pg-instance-0"],"cluster_resource_id":"cluster-MYKUV5GDBGHTQKCFQEYFWTCQE4","cluster_scalability_type":"","copy_tags_to_snapshot":false,"database_insights_mode":"standard","database_name":"reactsecopsdb","db_cluster_instance_class":"","db_cluster_parameter_group_name":"default.aurora-postgresql16","db_instance_parameter_group_name":null,"db_subnet_group_name":"reactsecops-aurora-sng","db_system_id":"","delete_automated_backups":true,"deletion_protection":false,"domain":"","domain_iam_role_name":"","enable_global_write_forwarding":false,"enable_http_endpoint":false,"enable_local_write_forwarding":false,"enabled_cloudwatch_logs_exports":[],"endpoint":"reactsecops-aurora-pg-cluster.cluster-cifmshinfmia.us-east-1.rds.amazonaws.com","engine":"aurora-postgresql","engine_lifecycle_support":"open-source-rds-extended-support","engine_mode":"provisioned","engine_version":"16.3","engine_version_actual":"16.3","final_snapshot_identifier":null,"global_cluster_identifier":"","hosted_zone_id":"Z2R2ITUGPM61AM","iam_database_authentication_enabled":false,"iam_roles":[],"id":"reactsecops-aurora-pg-cluster","iops":0,"kms_key_id":"","manage_master_user_password":null,"master_password":"uN$XhJp\u0026PYKFp$S}","master_password_wo":null,"master_password_wo_version":null,"master_user_secret":[],"master_user_secret_kms_key_id":null,"master_username":"masteruser","monitoring_interval":0,"monitoring_role_arn":"","network_type":"IPV4","performance_insights_enabled":false,"performance_insights_kms_key_id":"","performance_insights_retention_period":0,"port":5432,"preferred_backup_window":"08:36-09:06","preferred_maintenance_window":"tue:03:07-tue:03:37","reader_endpoint":"reactsecops-aurora-pg-cluster.cluster-ro-cifmshinfmia.us-east-1.rds.amazonaws.com","region":"us-east-1","replication_source_identifier":"","restore_to_point_in_time":[],"s3_import":[],"scaling_configuration":[],"serverlessv2_scaling_configuration":[],"skip_final_snapshot":true,"snapshot_identifier":null,"source_region":null,"storage_encrypted":false,"storage_type":"","tags":{},"tags_all":{},"timeouts":null,"vpc_security_group_ids":["sg-07800501ebae1b42d"]},"sensitive_attributes":[[{"type":"get_attr","value":"master_username"}],[{"type":"get_attr","value":"master_password_wo"}],[{"type":"get_attr","value":"master_password"}]],"private":"eyJlMmJmYjczMC1lY2FhLTExZTYtOGY4OC0zNDM2M2JjN2M0YzAiOnsiY3JlYXRlIjo3MjAwMDAwMDAwMDAwLCJkZWxldGUiOjcyMDAwMDAwMDAwMDAsInVwZGF0ZSI6NzIwMDAwMDAwMDAwMH0sInNjaGVtYV92ZXJzaW9uIjoiMSJ9","dependencies":["aws_db_subnet_group.aurora","aws_secretsmanager_secret.db_credentials","aws_secretsmanager_secret_version.db_credentials_version","aws_security_group.alb","aws_security_group.database","aws_security_group.ecs_api","aws_subnet.private","aws_vpc.main","data.aws_availability_zones.available","random_password.master_password"]}]},{"mode":"managed","type":"aws_rds_cluster_instance","name":"aurora_pg_instance","provider":"provider[\"registry.opentofu.org/hashicorp/aws\"]","instances":[{"index_key":0,"schema_version":0,"attributes":{"apply_immediately":null,"arn":"arn:aws:rds:us-east-1:596390726685:db:reactsecops-aurora-pg-instance-0","auto_minor_version_upgrade":true,"availability_zone":"us-east-1b","ca_cert_identifier":"rds-ca-rsa2048-g1","cluster_identifier":"reactsecops-aurora-pg-cluster","copy_tags_to_snapshot":false,"custom_iam_instance_profile":"","db_parameter_group_name":"default.aurora-postgresql16","db_subnet_group_name":"reactsecops-aurora-sng","dbi_resource_id":"db-ZUGSYNE57LM3BHV5UDKEBPA2FM","endpoint":"reactsecops-aurora-pg-instance-0.cifmshinfmia.us-east-1.rds.amazonaws.com","engine":"aurora-postgresql","engine_version":"16.3","engine_version_actual":"16.3","force_destroy":false,"id":"reactsecops-aurora-pg-instance-0","identifier":"reactsecops-aurora-pg-instance-0","identifier_prefix":"","instance_class":"db.t3.medium","kms_key_id":"","monitoring_interval":0,"monitoring_role_arn":"","network_type":"IPV4","performance_insights_enabled":false,"performance_insights_kms_key_id":"","performance_insights_retention_period":0,"port":5432,"preferred_backup_window":"08:36-09:06","preferred_maintenance_window":"fri:03:03-fri:03:33","promotion_tier":0,"publicly_accessible":false,"region":"us-east-1","storage_encrypted":false,"tags":{},"tags_all":{},"timeouts":null,"writer":true},"sensitive_attributes":[],"private":"eyJlMmJmYjczMC1lY2FhLTExZTYtOGY4OC0zNDM2M2JjN2M0YzAiOnsiY3JlYXRlIjo1NDAwMDAwMDAwMDAwLCJkZWxldGUiOjU0MDAwMDAwMDAwMDAsInVwZGF0ZSI6NTQwMDAwMDAwMDAwMH19","dependencies":["aws_db_subnet_group.aurora","aws_rds_cluster.aurora_pg","aws_secretsmanager_secret.db_credentials","aws_secretsmanager_secret_version.db_credentials_version","aws_security_group.alb","aws_security_group.database","aws_security_group.ecs_api","aws_subnet.private","aws_vpc.main","data.aws_availability_zones.available","random_password.master_password"]}]},{"mode":"managed","type":"aws_route_table","name":"private","provider":"provider[\"registry.opentofu.org/hashicorp/aws\"]","instances":[{"schema_version":0,"attributes":{"arn":"arn:aws:ec2:us-east-1:596390726685:route-table/rtb-0d408a6acad2947bf","id":"rtb-0d408a6acad2947bf","owner_id":"596390726685","propagating_vgws":[],"region":"us-east-1","route":[{"carrier_gateway_id":"","cidr_block":"0.0.0.0/0","core_network_arn":"","destination_prefix_list_id":"","egress_only_gateway_id":"","gateway_id":"","ipv6_cidr_block":"","local_gateway_id":"","nat_gateway_id":"nat-07600124536e8c44f","network_interface_id":"","transit_gateway_id":"","vpc_endpoint_id":"","vpc_peering_connection_id":""}],"tags":{"Name":"reactsecops-private-rt"},"tags_all":{"Name":"reactsecops-private-rt"},"timeouts":null,"vpc_id":"vpc-06e8ee9b6439933a7"},"sensitive_attributes":[],"private":"eyJlMmJmYjczMC1lY2FhLTExZTYtOGY4OC0zNDM2M2JjN2M0YzAiOnsiY3JlYXRlIjozMDAwMDAwMDAwMDAsImRlbGV0ZSI6MzAwMDAwMDAwMDAwLCJ1cGRhdGUiOjEyMDAwMDAwMDAwMH19","dependencies":["aws_eip.nat","aws_internet_gateway.igw","aws_nat_gateway.nat","aws_subnet.public","aws_vpc.main","data.aws_availability_zones.available"]}]},{"mode":"managed","type":"aws_route_table","name":"public","provider":"provider[\"registry.opentofu.org/hashicorp/aws\"]","instances":[{"schema_version":0,"attributes":{"arn":"arn:aws:ec2:us-east-1:596390726685:route-table/rtb-07f724d8f9c46b95b","id":"rtb-07f724d8f9c46b95b","owner_id":"596390726685","propagating_vgws":[],"region":"us-east-1","route":[{"carrier_gateway_id":"","cidr_block":"0.0.0.0/0","core_network_arn":"","destination_prefix_list_id":"","egress_only_gateway_id":"","gateway_id":"igw-0e334f4e876ef5448","ipv6_cidr_block":"","local_gateway_id":"","nat_gateway_id":"","network_interface_id":"","transit_gateway_id":"","vpc_endpoint_id":"","vpc_peering_connection_id":""}],"tags":{"Name":"reactsecops-public-rt"},"tags_all":{"Name":"reactsecops-public-rt"},"timeouts":null,"vpc_id":"vpc-06e8ee9b6439933a7"},"sensitive_attributes":[],"private":"eyJlMmJmYjczMC1lY2FhLTExZTYtOGY4OC0zNDM2M2JjN2M0YzAiOnsiY3JlYXRlIjozMDAwMDAwMDAwMDAsImRlbGV0ZSI6MzAwMDAwMDAwMDAwLCJ1cGRhdGUiOjEyMDAwMDAwMDAwMH19","dependencies":["aws_internet_gateway.igw","aws_vpc.main"]}]},{"mode":"managed","type":"aws_route_table_association","name":"private","provider":"provider[\"registry.opentofu.org/hashicorp/aws\"]","instances":[{"index_key":0,"schema_version":0,"attributes":{"gateway_id":"","id":"rtbassoc-0f63bf1a047f83425","region":"us-east-1","route_table_id":"rtb-0d408a6acad2947bf","subnet_id":"subnet-0345739cd68b3d366","timeouts":null},"sensitive_attributes":[],"private":"eyJlMmJmYjczMC1lY2FhLTExZTYtOGY4OC0zNDM2M2JjN2M0YzAiOnsiY3JlYXRlIjozMDAwMDAwMDAwMDAsImRlbGV0ZSI6MzAwMDAwMDAwMDAwLCJ1cGRhdGUiOjEyMDAwMDAwMDAwMH19","dependencies":["aws_eip.nat","aws_internet_gateway.igw","aws_nat_gateway.nat","aws_route_table.private","aws_subnet.private","aws_subnet.public","aws_vpc.main","data.aws_availability_zones.available"]},{"index_key":1,"schema_version":0,"attributes":{"gateway_id":"","id":"rtbassoc-024d3adaae0b7fa75","region":"us-east-1","route_table_id":"rtb-0d408a6acad2947bf","subnet_id":"subnet-00348c32e3ce3ff91","timeouts":null},"sensitive_attributes":[],"private":"eyJlMmJmYjczMC1lY2FhLTExZTYtOGY4OC0zNDM2M2JjN2M0YzAiOnsiY3JlYXRlIjozMDAwMDAwMDAwMDAsImRlbGV0ZSI6MzAwMDAwMDAwMDAwLCJ1cGRhdGUiOjEyMDAwMDAwMDAwMH19","dependencies":["aws_eip.nat","aws_internet_gateway.igw","aws_nat_gateway.nat","aws_route_table.private","aws_subnet.private","aws_subnet.public","aws_vpc.main","data.aws_availability_zones.available"]}]},{"mode":"managed","type":"aws_route_table_association","name":"public","provider":"provider[\"registry.opentofu.org/hashicorp/aws\"]","instances":[{"index_key":0,"schema_version":0,"attributes":{"gateway_id":"","id":"rtbassoc-076289e764168fe66","region":"us-east-1","route_table_id":"rtb-07f724d8f9c46b95b","subnet_id":"subnet-0ee9c4f81638bbdea","timeouts":null},"sensitive_attributes":[],"private":"eyJlMmJmYjczMC1lY2FhLTExZTYtOGY4OC0zNDM2M2JjN2M0YzAiOnsiY3JlYXRlIjozMDAwMDAwMDAwMDAsImRlbGV0ZSI6MzAwMDAwMDAwMDAwLCJ1cGRhdGUiOjEyMDAwMDAwMDAwMH19","dependencies":["aws_internet_gateway.igw","aws_route_table.public","aws_subnet.public","aws_vpc.main","data.aws_availability_zones.available"]},{"index_key":1,"schema_version":0,"attributes":{"gateway_id":"","id":"rtbassoc-0077c5e90531dd807","region":"us-east-1","route_table_id":"rtb-07f724d8f9c46b95b","subnet_id":"subnet-0e887bfc91acff5d6","timeouts":null},"sensitive_attributes":[],"private":"eyJlMmJmYjczMC1lY2FhLTExZTYtOGY4OC0zNDM2M2JjN2M0YzAiOnsiY3JlYXRlIjozMDAwMDAwMDAwMDAsImRlbGV0ZSI6MzAwMDAwMDAwMDAwLCJ1cGRhdGUiOjEyMDAwMDAwMDAwMH19","dependencies":["aws_internet_gateway.igw","aws_route_table.public","aws_subnet.public","aws_vpc.main","data.aws_availability_zones.available"]}]},{"mode":"managed","type":"aws_s3_bucket","name":"frontend","provider":"provider[\"registry.opentofu.org/hashicorp/aws\"]","instances":[{"schema_version":0,"attributes":{"acceleration_status":"","acl":null,"arn":"arn:aws:s3:::reactsecops-frontend-hosting-596390726685","bucket":"reactsecops-frontend-hosting-596390726685","bucket_domain_name":"reactsecops-frontend-hosting-596390726685.s3.amazonaws.com","bucket_prefix":"","bucket_region":"us-east-1","bucket_regional_domain_name":"reactsecops-frontend-hosting-596390726685.s3.us-east-1.amazonaws.com","cors_rule":[],"force_destroy":false,"grant":[{"id":"ec15bd9056ade394ef42946044e2df861aaa49a97576e6694850dd2df562ecd3","permissions":["FULL_CONTROL"],"type":"CanonicalUser","uri":""}],"hosted_zone_id":"Z3AQBSTGFYJSTF","id":"reactsecops-frontend-hosting-596390726685","lifecycle_rule":[],"logging":[],"object_lock_configuration":[],"object_lock_enabled":false,"policy":"","region":"us-east-1","replication_configuration":[],"request_payer":"BucketOwner","server_side_encryption_configuration":[{"rule":[{"apply_server_side_encryption_by_default":[{"kms_master_key_id":"","sse_algorithm":"AES256"}],"bucket_key_enabled":false}]}],"tags":{"Name":"reactsecops-frontend-bucket"},"tags_all":{"Name":"reactsecops-frontend-bucket"},"timeouts":null,"versioning":[{"enabled":false,"mfa_delete":false}],"website":[],"website_domain":"s3-website-us-east-1.amazonaws.com","website_endpoint":"reactsecops-frontend-hosting-596390726685.s3-website-us-east-1.amazonaws.com"},"sensitive_attributes":[],"private":"eyJlMmJmYjczMC1lY2FhLTExZTYtOGY4OC0zNDM2M2JjN2M0YzAiOnsiY3JlYXRlIjoxMjAwMDAwMDAwMDAwLCJkZWxldGUiOjM2MDAwMDAwMDAwMDAsInJlYWQiOjEyMDAwMDAwMDAwMDAsInVwZGF0ZSI6MTIwMDAwMDAwMDAwMH19","dependencies":["data.aws_caller_identity.current"]}]},{"mode":"managed","type":"aws_s3_bucket_public_access_block","name":"frontend","provider":"provider[\"registry.opentofu.org/hashicorp/aws\"]","instances":[{"schema_version":0,"attributes":{"block_public_acls":true,"block_public_policy":true,"bucket":"reactsecops-frontend-hosting-596390726685","id":"reactsecops-frontend-hosting-596390726685","ignore_public_acls":true,"region":"us-east-1","restrict_public_buckets":true},"sensitive_attributes":[],"private":"bnVsbA==","dependencies":["aws_s3_bucket.frontend","data.aws_caller_identity.current"]}]},{"mode":"managed","type":"aws_secretsmanager_secret","name":"db_credentials","provider":"provider[\"registry.opentofu.org/hashicorp/aws\"]","instances":[{"schema_version":0,"attributes":{"arn":"arn:aws:secretsmanager:us-east-1:596390726685:secret:reactsecops-db-creds-5yclOO","description":"Database credentials for the Aurora cluster","force_overwrite_replica_secret":false,"id":"arn:aws:secretsmanager:us-east-1:596390726685:secret:reactsecops-db-creds-5yclOO","kms_key_id":"","name":"reactsecops-db-creds","name_prefix":"","policy":"","recovery_window_in_days":30,"region":"us-east-1","replica":[],"tags":{},"tags_all":{}},"sensitive_attributes":[],"private":"bnVsbA=="}]},{"mode":"managed","type":"aws_secretsmanager_secret_version","name":"db_credentials_version","provider":"provider[\"registry.opentofu.org/hashicorp/aws\"]","instances":[{"schema_version":0,"attributes":{"arn":"arn:aws:secretsmanager:us-east-1:596390726685:secret:reactsecops-db-creds-5yclOO","has_secret_string_wo":null,"id":"arn:aws:secretsmanager:us-east-1:596390726685:secret:reactsecops-db-creds-5yclOO|terraform-20250622165827773800000002","region":"us-east-1","secret_binary":"","secret_id":"arn:aws:secretsmanager:us-east-1:596390726685:secret:reactsecops-db-creds-5yclOO","secret_string":"{\"password\":\"uN$XhJp\\u0026PYKFp$S}\",\"username\":\"masteruser\"}","secret_string_wo":null,"secret_string_wo_version":null,"version_id":"terraform-20250622165827773800000002","version_stages":["AWSCURRENT"]},"sensitive_attributes":[[{"type":"get_attr","value":"secret_string_wo"}],[{"type":"get_attr","value":"secret_string"}],[{"type":"get_attr","value":"secret_binary"}]],"private":"bnVsbA==","dependencies":["aws_secretsmanager_secret.db_credentials","random_password.master_password"]}]},{"mode":"managed","type":"aws_security_group","name":"alb","provider":"provider[\"registry.opentofu.org/hashicorp/aws\"]","instances":[{"schema_version":1,"attributes":{"arn":"arn:aws:ec2:us-east-1:596390726685:security-group/sg-0768204630dd37f77","description":"Allow HTTP/S traffic to ALB","egress":[{"cidr_blocks":["0.0.0.0/0"],"description":"","from_port":0,"ipv6_cidr_blocks":[],"prefix_list_ids":[],"protocol":"-1","security_groups":[],"self":false,"to_port":0}],"id":"sg-0768204630dd37f77","ingress":[{"cidr_blocks":["0.0.0.0/0"],"description":"","from_port":443,"ipv6_cidr_blocks":[],"prefix_list_ids":[],"protocol":"tcp","security_groups":[],"self":false,"to_port":443},{"cidr_blocks":["0.0.0.0/0"],"description":"","from_port":80,"ipv6_cidr_blocks":[],"prefix_list_ids":[],"protocol":"tcp","security_groups":[],"self":false,"to_port":80}],"name":"reactsecops-alb-sg","name_prefix":"","owner_id":"596390726685","region":"us-east-1","revoke_rules_on_delete":false,"tags":{"Name":"reactsecops-alb-sg"},"tags_all":{"Name":"reactsecops-alb-sg"},"timeouts":null,"vpc_id":"vpc-06e8ee9b6439933a7"},"sensitive_attributes":[],"private":"eyJlMmJmYjczMC1lY2FhLTExZTYtOGY4OC0zNDM2M2JjN2M0YzAiOnsiY3JlYXRlIjo2MDAwMDAwMDAwMDAsImRlbGV0ZSI6OTAwMDAwMDAwMDAwfSwic2NoZW1hX3ZlcnNpb24iOiIxIn0=","dependencies":["aws_vpc.main"]}]},{"mode":"managed","type":"aws_security_group","name":"database","provider":"provider[\"registry.opentofu.org/hashicorp/aws\"]","instances":[{"schema_version":1,"attributes":{"arn":"arn:aws:ec2:us-east-1:596390726685:security-group/sg-07800501ebae1b42d","description":"Allow traffic from ECS API to Database","egress":[{"cidr_blocks":["0.0.0.0/0"],"description":"","from_port":0,"ipv6_cidr_blocks":[],"prefix_list_ids":[],"protocol":"-1","security_groups":[],"self":false,"to_port":0}],"id":"sg-07800501ebae1b42d","ingress":[{"cidr_blocks":[],"description":"","from_port":5432,"ipv6_cidr_blocks":[],"prefix_list_ids":[],"protocol":"tcp","security_groups":["sg-0de70bc2fc7476ca9"],"self":false,"to_port":5432}],"name":"reactsecops-db-sg","name_prefix":"","owner_id":"596390726685","region":"us-east-1","revoke_rules_on_delete":false,"tags":{"Name":"reactsecops-db-sg"},"tags_all":{"Name":"reactsecops-db-sg"},"timeouts":null,"vpc_id":"vpc-06e8ee9b6439933a7"},"sensitive_attributes":[],"private":"eyJlMmJmYjczMC1lY2FhLTExZTYtOGY4OC0zNDM2M2JjN2M0YzAiOnsiY3JlYXRlIjo2MDAwMDAwMDAwMDAsImRlbGV0ZSI6OTAwMDAwMDAwMDAwfSwic2NoZW1hX3ZlcnNpb24iOiIxIn0=","dependencies":["aws_security_group.alb","aws_security_group.ecs_api","aws_vpc.main"]}]},{"mode":"managed","type":"aws_security_group","name":"ecs_api","provider":"provider[\"registry.opentofu.org/hashicorp/aws\"]","instances":[{"schema_version":1,"attributes":{"arn":"arn:aws:ec2:us-east-1:596390726685:security-group/sg-0de70bc2fc7476ca9","description":"Allow traffic from ALB to ECS API","egress":[{"cidr_blocks":["0.0.0.0/0"],"description":"","from_port":0,"ipv6_cidr_blocks":[],"prefix_list_ids":[],"protocol":"-1","security_groups":[],"self":false,"to_port":0}],"id":"sg-0de70bc2fc7476ca9","ingress":[{"cidr_blocks":[],"description":"","from_port":8080,"ipv6_cidr_blocks":[],"prefix_list_ids":[],"protocol":"tcp","security_groups":["sg-0768204630dd37f77"],"self":false,"to_port":8080}],"name":"reactsecops-ecs-api-sg","name_prefix":"","owner_id":"596390726685","region":"us-east-1","revoke_rules_on_delete":false,"tags":{"Name":"reactsecops-ecs-api-sg"},"tags_all":{"Name":"reactsecops-ecs-api-sg"},"timeouts":null,"vpc_id":"vpc-06e8ee9b6439933a7"},"sensitive_attributes":[],"private":"eyJlMmJmYjczMC1lY2FhLTExZTYtOGY4OC0zNDM2M2JjN2M0YzAiOnsiY3JlYXRlIjo2MDAwMDAwMDAwMDAsImRlbGV0ZSI6OTAwMDAwMDAwMDAwfSwic2NoZW1hX3ZlcnNpb24iOiIxIn0=","dependencies":["aws_security_group.alb","aws_vpc.main"]}]},{"mode":"managed","type":"aws_subnet","name":"private","provider":"provider[\"registry.opentofu.org/hashicorp/aws\"]","instances":[{"index_key":0,"schema_version":1,"attributes":{"arn":"arn:aws:ec2:us-east-1:596390726685:subnet/subnet-0345739cd68b3d366","assign_ipv6_address_on_creation":false,"availability_zone":"us-east-1a","availability_zone_id":"use1-az6","cidr_block":"10.0.3.0/24","customer_owned_ipv4_pool":"","enable_dns64":false,"enable_lni_at_device_index":0,"enable_resource_name_dns_a_record_on_launch":false,"enable_resource_name_dns_aaaa_record_on_launch":false,"id":"subnet-0345739cd68b3d366","ipv6_cidr_block":"","ipv6_cidr_block_association_id":"","ipv6_native":false,"map_customer_owned_ip_on_launch":false,"map_public_ip_on_launch":false,"outpost_arn":"","owner_id":"596390726685","private_dns_hostname_type_on_launch":"ip-name","region":"us-east-1","tags":{"Name":"reactsecops-private-subnet-1"},"tags_all":{"Name":"reactsecops-private-subnet-1"},"timeouts":null,"vpc_id":"vpc-06e8ee9b6439933a7"},"sensitive_attributes":[],"private":"eyJlMmJmYjczMC1lY2FhLTExZTYtOGY4OC0zNDM2M2JjN2M0YzAiOnsiY3JlYXRlIjo2MDAwMDAwMDAwMDAsImRlbGV0ZSI6MTIwMDAwMDAwMDAwMH0sInNjaGVtYV92ZXJzaW9uIjoiMSJ9","dependencies":["aws_vpc.main","data.aws_availability_zones.available"]},{"index_key":1,"schema_version":1,"attributes":{"arn":"arn:aws:ec2:us-east-1:596390726685:subnet/subnet-00348c32e3ce3ff91","assign_ipv6_address_on_creation":false,"availability_zone":"us-east-1b","availability_zone_id":"use1-az1","cidr_block":"10.0.4.0/24","customer_owned_ipv4_pool":"","enable_dns64":false,"enable_lni_at_device_index":0,"enable_resource_name_dns_a_record_on_launch":false,"enable_resource_name_dns_aaaa_record_on_launch":false,"id":"subnet-00348c32e3ce3ff91","ipv6_cidr_block":"","ipv6_cidr_block_association_id":"","ipv6_native":false,"map_customer_owned_ip_on_launch":false,"map_public_ip_on_launch":false,"outpost_arn":"","owner_id":"596390726685","private_dns_hostname_type_on_launch":"ip-name","region":"us-east-1","tags":{"Name":"reactsecops-private-subnet-2"},"tags_all":{"Name":"reactsecops-private-subnet-2"},"timeouts":null,"vpc_id":"vpc-06e8ee9b6439933a7"},"sensitive_attributes":[],"private":"eyJlMmJmYjczMC1lY2FhLTExZTYtOGY4OC0zNDM2M2JjN2M0YzAiOnsiY3JlYXRlIjo2MDAwMDAwMDAwMDAsImRlbGV0ZSI6MTIwMDAwMDAwMDAwMH0sInNjaGVtYV92ZXJzaW9uIjoiMSJ9","dependencies":["aws_vpc.main","data.aws_availability_zones.available"]}]},{"mode":"managed","type":"aws_subnet","name":"public","provider":"provider[\"registry.opentofu.org/hashicorp/aws\"]","instances":[{"index_key":0,"schema_version":1,"attributes":{"arn":"arn:aws:ec2:us-east-1:596390726685:subnet/subnet-0ee9c4f81638bbdea","assign_ipv6_address_on_creation":false,"availability_zone":"us-east-1a","availability_zone_id":"use1-az6","cidr_block":"10.0.1.0/24","customer_owned_ipv4_pool":"","enable_dns64":false,"enable_lni_at_device_index":0,"enable_resource_name_dns_a_record_on_launch":false,"enable_resource_name_dns_aaaa_record_on_launch":false,"id":"subnet-0ee9c4f81638bbdea","ipv6_cidr_block":"","ipv6_cidr_block_association_id":"","ipv6_native":false,"map_customer_owned_ip_on_launch":false,"map_public_ip_on_launch":true,"outpost_arn":"","owner_id":"596390726685","private_dns_hostname_type_on_launch":"ip-name","region":"us-east-1","tags":{"Name":"reactsecops-public-subnet-1"},"tags_all":{"Name":"reactsecops-public-subnet-1"},"timeouts":null,"vpc_id":"vpc-06e8ee9b6439933a7"},"sensitive_attributes":[],"private":"eyJlMmJmYjczMC1lY2FhLTExZTYtOGY4OC0zNDM2M2JjN2M0YzAiOnsiY3JlYXRlIjo2MDAwMDAwMDAwMDAsImRlbGV0ZSI6MTIwMDAwMDAwMDAwMH0sInNjaGVtYV92ZXJzaW9uIjoiMSJ9","dependencies":["aws_vpc.main","data.aws_availability_zones.available"]},{"index_key":1,"schema_version":1,"attributes":{"arn":"arn:aws:ec2:us-east-1:596390726685:subnet/subnet-0e887bfc91acff5d6","assign_ipv6_address_on_creation":false,"availability_zone":"us-east-1b","availability_zone_id":"use1-az1","cidr_block":"10.0.2.0/24","customer_owned_ipv4_pool":"","enable_dns64":false,"enable_lni_at_device_index":0,"enable_resource_name_dns_a_record_on_launch":false,"enable_resource_name_dns_aaaa_record_on_launch":false,"id":"subnet-0e887bfc91acff5d6","ipv6_cidr_block":"","ipv6_cidr_block_association_id":"","ipv6_native":false,"map_customer_owned_ip_on_launch":false,"map_public_ip_on_launch":true,"outpost_arn":"","owner_id":"596390726685","private_dns_hostname_type_on_launch":"ip-name","region":"us-east-1","tags":{"Name":"reactsecops-public-subnet-2"},"tags_all":{"Name":"reactsecops-public-subnet-2"},"timeouts":null,"vpc_id":"vpc-06e8ee9b6439933a7"},"sensitive_attributes":[],"private":"eyJlMmJmYjczMC1lY2FhLTExZTYtOGY4OC0zNDM2M2JjN2M0YzAiOnsiY3JlYXRlIjo2MDAwMDAwMDAwMDAsImRlbGV0ZSI6MTIwMDAwMDAwMDAwMH0sInNjaGVtYV92ZXJzaW9uIjoiMSJ9","dependencies":["aws_vpc.main","data.aws_availability_zones.available"]}]},{"mode":"managed","type":"aws_vpc","name":"main","provider":"provider[\"registry.opentofu.org/hashicorp/aws\"]","instances":[{"schema_version":1,"attributes":{"arn":"arn:aws:ec2:us-east-1:596390726685:vpc/vpc-06e8ee9b6439933a7","assign_generated_ipv6_cidr_block":false,"cidr_block":"10.0.0.0/16","default_network_acl_id":"acl-0752bb662a0307742","default_route_table_id":"rtb-0ea0d0dc58a37815c","default_security_group_id":"sg-018c0fec6367f6285","dhcp_options_id":"dopt-0617e8163087365fd","enable_dns_hostnames":false,"enable_dns_support":true,"enable_network_address_usage_metrics":false,"id":"vpc-06e8ee9b6439933a7","instance_tenancy":"default","ipv4_ipam_pool_id":null,"ipv4_netmask_length":null,"ipv6_association_id":"","ipv6_cidr_block":"","ipv6_cidr_block_network_border_group":"","ipv6_ipam_pool_id":"","ipv6_netmask_length":0,"main_route_table_id":"rtb-0ea0d0dc58a37815c","owner_id":"596390726685","region":"us-east-1","tags":{"Name":"reactsecops-vpc"},"tags_all":{"Name":"reactsecops-vpc"}},"sensitive_attributes":[],"private":"eyJzY2hlbWFfdmVyc2lvbiI6IjEifQ=="}]},{"mode":"managed","type":"random_password","name":"master_password","provider":"provider[\"registry.opentofu.org/hashicorp/random\"]","instances":[{"schema_version":3,"attributes":{"bcrypt_hash":"$2a$10$HmtAQvh/sSIEcSQIJytHAOevspwDFIPRoky/lEwiYCxF4.8Y2MrsO","id":"none","keepers":null,"length":16,"lower":true,"min_lower":0,"min_numeric":0,"min_special":0,"min_upper":0,"number":true,"numeric":true,"override_special":"!#$%\u0026*()-_=+[]{}\u003c\u003e:?","result":"uN$XhJp\u0026PYKFp$S}","special":true,"upper":true},"sensitive_attributes":[[{"type":"get_attr","value":"bcrypt_hash"}],[{"type":"get_attr","value":"result"}]]}]}],"check_results":null}
